{
  "name": "pragma-hack-v2",
  "version": "1.0.0",
  "lockfileVersion": 3,
  "requires": true,
  "packages": {
    "": {
      "name": "pragma-hack-v2",
      "version": "1.0.0",
      "license": "ISC",
      "dependencies": {
        "@pragmaoracle/solidity-sdk": "^1.0.1"
      },
      "devDependencies": {
        "@openzeppelin/contracts": "^5.1.0"
      }
    },
    "node_modules/@openzeppelin/contracts": {
      "version": "5.1.0",
      "resolved": "https://registry.npmjs.org/@openzeppelin/contracts/-/contracts-5.1.0.tgz",
      "integrity": "sha512-p1ULhl7BXzjjbha5aqst+QMLY+4/LCWADXOCsmLHRM77AqiPjnd9vvUN9sosUfhL9JGKpZ0TjEGxgvnizmWGSA==",
      "dev": true
    },
    "node_modules/@pragmaoracle/solidity-sdk": {
      "version": "1.0.1",
      "resolved": "https://registry.npmjs.org/@pragmaoracle/solidity-sdk/-/solidity-sdk-1.0.1.tgz",
      "integrity": "sha512-x5JOeEk6Tw9X4qFWGtyk2HNeTuBOnBCh/WbibWU+h6tg7A18HxDOV/mvgTw1HZfLDAyDZJ3WPniCP3V1w3eVVA=="
    }
  }
}
